
Microsoft Visual Studio Solution File, Format Version 12.00
Project("{2150E333-8FDC-42A3-9474-1A3956D46DE8}") = "_items", "_items", "{1113A5FE-A6CA-492A-9B0D-784767AEB573}"
	ProjectSection(SolutionItems) = preProject
		LICENSE = LICENSE
		README.md = README.md
		.gitignore = .gitignore
		.github\workflows\ci.yml = .github\workflows\ci.yml
	EndProjectSection
EndProject
Project("{2150E333-8FDC-42A3-9474-1A3956D46DE8}") = "src", "src", "{D8FDD221-308F-4FAE-A90A-B5B6C467DB1F}"
EndProject
Project("{FAE04EC0-301F-11D3-BF4B-00C04F79EFBC}") = "EngineKit.Native.Glfw.UnitTests", "src\EngineKit.Native.Glfw.UnitTests\EngineKit.Native.Glfw.UnitTests.csproj", "{14B0A4F6-81CF-4427-AA39-5C54CCF22BB8}"
EndProject
Project("{FAE04EC0-301F-11D3-BF4B-00C04F79EFBC}") = "EngineKit.Native.Glfw", "src\EngineKit.Native.Glfw\EngineKit.Native.Glfw.csproj", "{DDE089D4-879E-4065-92A1-ACDD828AFF0A}"
EndProject
Global
	GlobalSection(SolutionConfigurationPlatforms) = preSolution
		Debug|Any CPU = Debug|Any CPU
		Release|Any CPU = Release|Any CPU
	EndGlobalSection
	GlobalSection(NestedProjects) = preSolution
		{14B0A4F6-81CF-4427-AA39-5C54CCF22BB8} = {D8FDD221-308F-4FAE-A90A-B5B6C467DB1F}
		{DDE089D4-879E-4065-92A1-ACDD828AFF0A} = {D8FDD221-308F-4FAE-A90A-B5B6C467DB1F}
	EndGlobalSection
	GlobalSection(ProjectConfigurationPlatforms) = postSolution
		{14B0A4F6-81CF-4427-AA39-5C54CCF22BB8}.Debug|Any CPU.ActiveCfg = Debug|Any CPU
		{14B0A4F6-81CF-4427-AA39-5C54CCF22BB8}.Debug|Any CPU.Build.0 = Debug|Any CPU
		{14B0A4F6-81CF-4427-AA39-5C54CCF22BB8}.Release|Any CPU.ActiveCfg = Release|Any CPU
		{14B0A4F6-81CF-4427-AA39-5C54CCF22BB8}.Release|Any CPU.Build.0 = Release|Any CPU
		{DDE089D4-879E-4065-92A1-ACDD828AFF0A}.Debug|Any CPU.ActiveCfg = Debug|Any CPU
		{DDE089D4-879E-4065-92A1-ACDD828AFF0A}.Debug|Any CPU.Build.0 = Debug|Any CPU
		{DDE089D4-879E-4065-92A1-ACDD828AFF0A}.Release|Any CPU.ActiveCfg = Release|Any CPU
		{DDE089D4-879E-4065-92A1-ACDD828AFF0A}.Release|Any CPU.Build.0 = Release|Any CPU
	EndGlobalSection
EndGlobal
